{
  "name": "sails-hook-blueprints-extended",
  "version": "1.1.0",
  "lockfileVersion": 1,
  "requires": true,
  "dependencies": {
    "@sailshq/lodash": {
      "version": "3.10.3",
      "resolved": "https://registry.npmjs.org/@sailshq/lodash/-/lodash-3.10.3.tgz",
      "integrity": "sha512-XTF5BtsTSiSpTnfqrCGS5Q8FvSHWCywA0oRxFAZo8E1a8k1MMFUvk3VlRk3q/SusEYwy7gvVdyt9vvNlTa2VuA=="
    },
    "app-root-path": {
      "version": "2.1.0",
      "resolved": "https://registry.npmjs.org/app-root-path/-/app-root-path-2.1.0.tgz",
      "integrity": "sha1-mL9lmTJ+zqGZMJhm6BQDaP0uZGo="
    },
    "include-all": {
      "version": "3.0.1",
      "resolved": "https://registry.npmjs.org/include-all/-/include-all-3.0.1.tgz",
      "integrity": "sha1-EYQWMdqEYQwZ9HjvB1Clc2W9pWU=",
      "requires": {
        "@sailshq/lodash": "^3.10.2",
        "merge-dictionaries": "^0.0.3"
      }
    },
    "merge-dictionaries": {
      "version": "0.0.3",
      "resolved": "https://registry.npmjs.org/merge-dictionaries/-/merge-dictionaries-0.0.3.tgz",
      "integrity": "sha1-xN5NWNuyXkwoI6owy44VOQaet1c=",
      "requires": {
        "@sailshq/lodash": "^3.10.2"
      }
    }
  }
}
